{
    "_readme": [
        "This file locks the dependencies of your project to a known state",
        "Read more about it at https://getcomposer.org/doc/01-basic-usage.md#installing-dependencies",
        "This file is @generated automatically"
    ],
    "content-hash": "f2f2d9f55e5c9dc5b01e7be289c0adbf",
    "packages": [
        {
            "name": "mips/jeedom-tools",
            "version": "v0.2",
            "source": {
                "type": "git",
                "url": "https://github.com/Mips2648/jeedom-tools.git",
                "reference": "8c02770e3c22b96edcdec13f140e7645b660066e"
            },
            "dist": {
                "type": "zip",
                "url": "https://api.github.com/repos/Mips2648/jeedom-tools/zipball/8c02770e3c22b96edcdec13f140e7645b660066e",
                "reference": "8c02770e3c22b96edcdec13f140e7645b660066e",
                "shasum": ""
            },
            "type": "library",
            "autoload": {
                "psr-0": {
                    "MipsEqLogicTrait": "src/"
                }
            },
            "notification-url": "https://packagist.org/downloads/",
            "license": [
                "MIT"
            ],
            "authors": [
                {
                    "name": "Mips"
                }
            ],
            "description": "Jeedom tools for plugin dev",
            "time": "2020-04-19T15:31:05+00:00"
        }
    ],
    "packages-dev": [],
    "aliases": [],
    "minimum-stability": "stable",
    "stability-flags": [],
    "prefer-stable": false,
    "prefer-lowest": false,
    "platform": [],
    "platform-dev": []
}
